
Microsoft Visual Studio Solution File, Format Version 12.00
# Visual Studio Version 17
VisualStudioVersion = 17.9.34723.18
MinimumVisualStudioVersion = 10.0.40219.1
Project("{FAE04EC0-301F-11D3-BF4B-00C04F79EFBC}") = "YetkiKontrol", "YetkiKontrol.csproj", "{2D721342-63A5-4C51-BDF9-01A0861FDDD6}"
EndProject
Global
	GlobalSection(SolutionConfigurationPlatforms) = preSolution
		Debug|Any CPU = Debug|Any CPU
		Release|Any CPU = Release|Any CPU
	EndGlobalSection
	GlobalSection(ProjectConfigurationPlatforms) = postSolution
		{2D721342-63A5-4C51-BDF9-01A0861FDDD6}.Debug|Any CPU.ActiveCfg = Debug|Any CPU
		{2D721342-63A5-4C51-BDF9-01A0861FDDD6}.Debug|Any CPU.Build.0 = Debug|Any CPU
		{2D721342-63A5-4C51-BDF9-01A0861FDDD6}.Release|Any CPU.ActiveCfg = Release|Any CPU
		{2D721342-63A5-4C51-BDF9-01A0861FDDD6}.Release|Any CPU.Build.0 = Release|Any CPU
	EndGlobalSection
	GlobalSection(SolutionProperties) = preSolution
		HideSolutionNode = FALSE
	EndGlobalSection
	GlobalSection(ExtensibilityGlobals) = postSolution
		SolutionGuid = {345E342A-CEF1-4A98-8DF0-9B3F65A88A58}
	EndGlobalSection
EndGlobal
